# Code generated by scarb DO NOT EDIT.
version = 1

[[package]]
name = "openzeppelin"
version = "0.15.0-rc.0"
source = "git+https://github.com/OpenZeppelin/cairo-contracts.git?rev=49816b6763fea500396a97b5178c3e30a85eecc7#49816b6763fea500396a97b5178c3e30a85eecc7"

[[package]]
name = "push_comm"
version = "0.1.0"
dependencies = [
 "openzeppelin",
 "snforge_std",
]

[[package]]
name = "snforge_std"
version = "0.27.0"
source = "git+https://github.com/foundry-rs/starknet-foundry?tag=v0.27.0#2d99b7c00678ef0363881ee0273550c44a9263de"
